
Microsoft Visual Studio Solution File, Format Version 12.00
# Visual Studio Version 16
VisualStudioVersion = 25.0.1705.0
MinimumVisualStudioVersion = 10.0.40219.1
Project("{FAE04EC0-301F-11D3-BF4B-00C04F79EFBC}") = "Coffee Shop Registration Lab", "Coffee Shop Registration Lab\Coffee Shop Registration Lab.csproj", "{5E54A2B2-CF05-4836-A6AE-96F3BCCF5372}"
EndProject
Global
	GlobalSection(SolutionConfigurationPlatforms) = preSolution
		Debug|Any CPU = Debug|Any CPU
		Release|Any CPU = Release|Any CPU
	EndGlobalSection
	GlobalSection(ProjectConfigurationPlatforms) = postSolution
		{5E54A2B2-CF05-4836-A6AE-96F3BCCF5372}.Debug|Any CPU.ActiveCfg = Debug|Any CPU
		{5E54A2B2-CF05-4836-A6AE-96F3BCCF5372}.Debug|Any CPU.Build.0 = Debug|Any CPU
		{5E54A2B2-CF05-4836-A6AE-96F3BCCF5372}.Release|Any CPU.ActiveCfg = Release|Any CPU
		{5E54A2B2-CF05-4836-A6AE-96F3BCCF5372}.Release|Any CPU.Build.0 = Release|Any CPU
	EndGlobalSection
	GlobalSection(SolutionProperties) = preSolution
		HideSolutionNode = FALSE
	EndGlobalSection
	GlobalSection(ExtensibilityGlobals) = postSolution
		SolutionGuid = {705AB428-32BE-4FB4-B63B-0D2FB723DA0E}
	EndGlobalSection
EndGlobal
